
Microsoft Visual Studio Solution File, Format Version 12.00
# Visual Studio Version 17
VisualStudioVersion = 17.14.36221.1 d17.14
MinimumVisualStudioVersion = 10.0.40219.1
Project("{FAE04EC0-301F-11D3-BF4B-00C04F79EFBC}") = "Blazor", "Blazor\Blazor.csproj", "{1356C508-B704-4A02-85E2-3B765644F6EE}"
EndProject
Project("{FAE04EC0-301F-11D3-BF4B-00C04F79EFBC}") = "TODOlist", "TODOlist\TODOlist.csproj", "{A499E4B2-0CEB-4351-BDDD-DEBB53DF5B51}"
EndProject
Project("{FAE04EC0-301F-11D3-BF4B-00C04F79EFBC}") = "Movies", "Movies\Movies.csproj", "{D2D95A8E-8BFC-422F-824D-D3FF3BF8B975}"
EndProject
Global
	GlobalSection(SolutionConfigurationPlatforms) = preSolution
		Debug|Any CPU = Debug|Any CPU
		Release|Any CPU = Release|Any CPU
	EndGlobalSection
	GlobalSection(ProjectConfigurationPlatforms) = postSolution
		{1356C508-B704-4A02-85E2-3B765644F6EE}.Debug|Any CPU.ActiveCfg = Debug|Any CPU
		{1356C508-B704-4A02-85E2-3B765644F6EE}.Debug|Any CPU.Build.0 = Debug|Any CPU
		{1356C508-B704-4A02-85E2-3B765644F6EE}.Release|Any CPU.ActiveCfg = Release|Any CPU
		{1356C508-B704-4A02-85E2-3B765644F6EE}.Release|Any CPU.Build.0 = Release|Any CPU
		{A499E4B2-0CEB-4351-BDDD-DEBB53DF5B51}.Debug|Any CPU.ActiveCfg = Debug|Any CPU
		{A499E4B2-0CEB-4351-BDDD-DEBB53DF5B51}.Debug|Any CPU.Build.0 = Debug|Any CPU
		{A499E4B2-0CEB-4351-BDDD-DEBB53DF5B51}.Release|Any CPU.ActiveCfg = Release|Any CPU
		{A499E4B2-0CEB-4351-BDDD-DEBB53DF5B51}.Release|Any CPU.Build.0 = Release|Any CPU
		{D2D95A8E-8BFC-422F-824D-D3FF3BF8B975}.Debug|Any CPU.ActiveCfg = Debug|Any CPU
		{D2D95A8E-8BFC-422F-824D-D3FF3BF8B975}.Debug|Any CPU.Build.0 = Debug|Any CPU
		{D2D95A8E-8BFC-422F-824D-D3FF3BF8B975}.Release|Any CPU.ActiveCfg = Release|Any CPU
		{D2D95A8E-8BFC-422F-824D-D3FF3BF8B975}.Release|Any CPU.Build.0 = Release|Any CPU
	EndGlobalSection
	GlobalSection(SolutionProperties) = preSolution
		HideSolutionNode = FALSE
	EndGlobalSection
	GlobalSection(ExtensibilityGlobals) = postSolution
		SolutionGuid = {DB144A71-8C0B-470F-8FE0-FBB1A5D21EA3}
	EndGlobalSection
EndGlobal
